
Microsoft Visual Studio Solution File, Format Version 12.00
# Visual Studio Version 17
VisualStudioVersion = 17.5.33516.290
MinimumVisualStudioVersion = 10.0.40219.1
Project("{FAE04EC0-301F-11D3-BF4B-00C04F79EFBC}") = "Cadenas", "Cadenas\Cadenas.csproj", "{D3601359-BFE4-431D-BCCC-1E724AA6E325}"
EndProject
Global
	GlobalSection(SolutionConfigurationPlatforms) = preSolution
		Debug|Any CPU = Debug|Any CPU
		Release|Any CPU = Release|Any CPU
	EndGlobalSection
	GlobalSection(ProjectConfigurationPlatforms) = postSolution
		{D3601359-BFE4-431D-BCCC-1E724AA6E325}.Debug|Any CPU.ActiveCfg = Debug|Any CPU
		{D3601359-BFE4-431D-BCCC-1E724AA6E325}.Debug|Any CPU.Build.0 = Debug|Any CPU
		{D3601359-BFE4-431D-BCCC-1E724AA6E325}.Release|Any CPU.ActiveCfg = Release|Any CPU
		{D3601359-BFE4-431D-BCCC-1E724AA6E325}.Release|Any CPU.Build.0 = Release|Any CPU
	EndGlobalSection
	GlobalSection(SolutionProperties) = preSolution
		HideSolutionNode = FALSE
	EndGlobalSection
	GlobalSection(ExtensibilityGlobals) = postSolution
		SolutionGuid = {72F1B332-03D7-4F8E-B8D5-363DCA6C1254}
	EndGlobalSection
EndGlobal
